
Microsoft Visual Studio Solution File, Format Version 12.00
# Visual Studio 15
VisualStudioVersion = 15.0.34112.143
MinimumVisualStudioVersion = 10.0.40219.1
Project("{FAE04EC0-301F-11D3-BF4B-00C04F79EFBC}") = "EmployeeManagementSystem", "EmployeeManagementSystem.csproj", "{BE347D8F-1A33-4154-B3EB-BB1DE6CFB567}"
EndProject
Global
	GlobalSection(SolutionConfigurationPlatforms) = preSolution
		Debug|Any CPU = Debug|Any CPU
		Release|Any CPU = Release|Any CPU
	EndGlobalSection
	GlobalSection(ProjectConfigurationPlatforms) = postSolution
		{BE347D8F-1A33-4154-B3EB-BB1DE6CFB567}.Debug|Any CPU.ActiveCfg = Debug|Any CPU
		{BE347D8F-1A33-4154-B3EB-BB1DE6CFB567}.Debug|Any CPU.Build.0 = Debug|Any CPU
		{BE347D8F-1A33-4154-B3EB-BB1DE6CFB567}.Release|Any CPU.ActiveCfg = Release|Any CPU
		{BE347D8F-1A33-4154-B3EB-BB1DE6CFB567}.Release|Any CPU.Build.0 = Release|Any CPU
	EndGlobalSection
	GlobalSection(SolutionProperties) = preSolution
		HideSolutionNode = FALSE
	EndGlobalSection
	GlobalSection(ExtensibilityGlobals) = postSolution
		SolutionGuid = {CD5BBB2D-09C0-4D7D-9439-A72470750886}
	EndGlobalSection
EndGlobal
